{
  "name": "xdm-xchat-runtime",
  "lockfileVersion": 3,
  "requires": true,
  "packages": {
    "": {
      "name": "xdm-xchat-runtime",
      "dependencies": {
        "@xdevplatform/chat-xdk": "0.4.3",
        "juicebox-sdk": "0.3.6"
      }
    },
    "node_modules/@xdevplatform/chat-xdk": {
      "version": "0.4.3",
      "resolved": "https://registry.npmjs.org/@xdevplatform/chat-xdk/-/chat-xdk-0.4.3.tgz",
      "integrity": "sha512-OoR2RRJlCfrOp/iOrLotcQwgxVuahc9lQIFLx5Odgq3EwdNik7KvNeDl5sE05C2k/5FAwM/iYxOSMJEsEelasQ==",
      "license": "MIT",
      "engines": {
        "node": ">=18"
      },
      "peerDependencies": {
        "juicebox-sdk": "^0.3.0"
      },
      "peerDependenciesMeta": {
        "juicebox-sdk": {
          "optional": true
        }
      }
    },
    "node_modules/juicebox-sdk": {
      "version": "0.3.6",
      "resolved": "https://registry.npmjs.org/juicebox-sdk/-/juicebox-sdk-0.3.6.tgz",
      "integrity": "sha512-j4B9ExvbY5xJRNc5MrddVJOpglpdGzoWbHSqeu58GvUkg51nl/5QMDU+s00ZHJGuXuJzjHZ6b2IK8CogEXg9Tg==",
      "license": "MIT"
    }
  }
}
